{
  "name": "lesson-studio",
  "lockfileVersion": 3,
  "requires": true,
  "packages": {
    "": {
      "name": "lesson-studio",
      "devDependencies": {
        "@fontsource/archivo-narrow": "^5.2.8",
        "@fontsource/cinzel": "^5.2.8",
        "@fontsource/courier-prime": "^5.2.8",
        "@fontsource/eb-garamond": "^5.2.7",
        "@fontsource/fraunces": "^5.2.9",
        "@fontsource/hanken-grotesk": "^5.2.8",
        "@fontsource/inter": "^5.2.8",
        "@fontsource/marcellus": "^5.2.8",
        "@fontsource/oswald": "^5.2.8",
        "@fontsource/source-sans-3": "^5.2.9",
        "@fontsource/source-serif-4": "^5.2.9",
        "@fontsource/space-grotesk": "^5.2.10",
        "@google/model-viewer": "^4.3.1",
        "playwright": "^1.45.0"
      }
    },
    "node_modules/@fontsource/archivo-narrow": {
      "version": "5.2.8",
      "resolved": "https://registry.npmjs.org/@fontsource/archivo-narrow/-/archivo-narrow-5.2.8.tgz",
      "integrity": "sha512-uPyBqAuVP5V0k6tmMLEMf8yx5ytqctJ7nozydFwUtyV6seXw1AFikzvQUkd/WAy++fd+sYag2nKuqmaKS2cIzw==",
      "dev": true,
      "license": "OFL-1.1",
      "funding": {
        "url": "https://github.com/sponsors/ayuhito"
      }
    },
    "node_modules/@fontsource/cinzel": {
      "version": "5.2.8",
      "resolved": "https://registry.npmjs.org/@fontsource/cinzel/-/cinzel-5.2.8.tgz",
      "integrity": "sha512-B9WeF/jPlOJOrcXfX96cy4KfM+s1QcU2C9W2hE3azBOBzPvzFkNpBovT5JmhAeicE/s4HZWKF9LF5hmEcqlbsw==",
      "dev": true,
      "license": "OFL-1.1",
      "funding": {
        "url": "https://github.com/sponsors/ayuhito"
      }
    },
    "node_modules/@fontsource/courier-prime": {
      "version": "5.2.8",
      "resolved": "https://registry.npmjs.org/@fontsource/courier-prime/-/courier-prime-5.2.8.tgz",
      "integrity": "sha512-M3xOCcXnGuFi9TcGCrz4hm5yeWg4Sn35MALRLPnqNoHhawTFvhyi2KSI2+5RyFtDNJrb58bPh8LLipgiI9KA0w==",
      "dev": true,
      "license": "OFL-1.1",
      "funding": {
        "url": "https://github.com/sponsors/ayuhito"
      }
    },
    "node_modules/@fontsource/eb-garamond": {
      "version": "5.2.7",
      "resolved": "https://registry.npmjs.org/@fontsource/eb-garamond/-/eb-garamond-5.2.7.tgz",
      "integrity": "sha512-V42tTlHDbnDo0+lENnXKWMx63Llq6Gfl2l7ozkoeRQN60S0jm6hEgCLlOT/5YyKAN9QZ0e2ofpy0rGKlz9jBrw==",
      "dev": true,
      "license": "OFL-1.1",
      "funding": {
        "url": "https://github.com/sponsors/ayuhito"
      }
    },
    "node_modules/@fontsource/fraunces": {
      "version": "5.2.9",
      "resolved": "https://registry.npmjs.org/@fontsource/fraunces/-/fraunces-5.2.9.tgz",
      "integrity": "sha512-XDzuddBtoC7BZgZdBn6b7hsFZY2+V1hgN7yca5fBTKuHjb/lOd45a0Ji8dTUgFhPoL7RdGupo+bC2BFSt6UH8Q==",
      "dev": true,
      "license": "OFL-1.1",
      "funding": {
        "url": "https://github.com/sponsors/ayuhito"
      }
    },
    "node_modules/@fontsource/hanken-grotesk": {
      "version": "5.2.8",
      "resolved": "https://registry.npmjs.org/@fontsource/hanken-grotesk/-/hanken-grotesk-5.2.8.tgz",
      "integrity": "sha512-J/e6hdfNCbyc4WK5hmZtk0zjaIsFx3pvCdPVxY25iYw2C9v1ZggGz4nfHnRjMhcz4WfaadUuwLNtvj8sQ70tkg==",
      "dev": true,
      "license": "OFL-1.1",
      "funding": {
        "url": "https://github.com/sponsors/ayuhito"
      }
    },
    "node_modules/@fontsource/inter": {
      "version": "5.2.8",
      "resolved": "https://registry.npmjs.org/@fontsource/inter/-/inter-5.2.8.tgz",
      "integrity": "sha512-P6r5WnJoKiNVV+zvW2xM13gNdFhAEpQ9dQJHt3naLvfg+LkF2ldgSLiF4T41lf1SQCM9QmkqPTn4TH568IRagg==",
      "dev": true,
      "license": "OFL-1.1",
      "funding": {
        "url": "https://github.com/sponsors/ayuhito"
      }
    },
    "node_modules/@fontsource/marcellus": {
      "version": "5.2.8",
      "resolved": "https://registry.npmjs.org/@fontsource/marcellus/-/marcellus-5.2.8.tgz",
      "integrity": "sha512-JHn6y1lz5IBjwqmwy4JSOIg2OV8X5UnbB4hGRUDaSlfViXghS6/4pX4CoRzFtQDIkH7axGCS+6kbdTVuYxBKDw==",
      "dev": true,
      "license": "OFL-1.1",
      "funding": {
        "url": "https://github.com/sponsors/ayuhito"
      }
    },
    "node_modules/@fontsource/oswald": {
      "version": "5.2.8",
      "resolved": "https://registry.npmjs.org/@fontsource/oswald/-/oswald-5.2.8.tgz",
      "integrity": "sha512-DFoPK1BqsFIQhVjs2xgO/oL9veF9oUJgFojEWIU+nazUrfqsBDtAMI4n9L9CZFX3kQNDLcCyzKx1xoEDvQT4WQ==",
      "dev": true,
      "license": "OFL-1.1",
      "funding": {
        "url": "https://github.com/sponsors/ayuhito"
      }
    },
    "node_modules/@fontsource/source-sans-3": {
      "version": "5.2.9",
      "resolved": "https://registry.npmjs.org/@fontsource/source-sans-3/-/source-sans-3-5.2.9.tgz",
      "integrity": "sha512-u3ymIq4rfmCCyB9MEw/sFR5lPVJ1yTNXmIMbUz+9kVCFIHvNtfzXOEBuvkg3Tk0zhmioPeJ28ZK5smZ7TurezQ==",
      "dev": true,
      "license": "OFL-1.1",
      "funding": {
        "url": "https://github.com/sponsors/ayuhito"
      }
    },
    "node_modules/@fontsource/source-serif-4": {
      "version": "5.2.9",
      "resolved": "https://registry.npmjs.org/@fontsource/source-serif-4/-/source-serif-4-5.2.9.tgz",
      "integrity": "sha512-er/Pym9emsEVJNf947umJ4kXarXfsiN6CN7kTYinefKRaHLwiquiiHOZvKvxWgkV8JMCf3pV3g0NcsPFpVCH9w==",
      "dev": true,
      "license": "OFL-1.1",
      "funding": {
        "url": "https://github.com/sponsors/ayuhito"
      }
    },
    "node_modules/@fontsource/space-grotesk": {
      "version": "5.2.10",
      "resolved": "https://registry.npmjs.org/@fontsource/space-grotesk/-/space-grotesk-5.2.10.tgz",
      "integrity": "sha512-XNXEbT74OIITPqw2H6HXwPDp85fy43uxfBwFR5PU+9sLnjuLj12KlhVM9nZVN6q6dlKjkuN8JisW/OBxwxgUew==",
      "dev": true,
      "license": "OFL-1.1",
      "funding": {
        "url": "https://github.com/sponsors/ayuhito"
      }
    },
    "node_modules/@google/model-viewer": {
      "version": "4.3.1",
      "resolved": "https://registry.npmjs.org/@google/model-viewer/-/model-viewer-4.3.1.tgz",
      "integrity": "sha512-GP+inXhAtY31E8rILVmByA6z8CZZjdlNajddppyI1/j1eIaSQiZcMRaUqTFe7+jv4mzRzwKIOiKBud0apiv+WQ==",
      "dev": true,
      "license": "Apache-2.0",
      "dependencies": {
        "@monogrid/gainmap-js": "^3.1.0",
        "lit": "^3.2.1"
      },
      "engines": {
        "node": ">=6.0.0"
      },
      "peerDependencies": {
        "three": "^0.183.0"
      }
    },
    "node_modules/@lit-labs/ssr-dom-shim": {
      "version": "1.6.0",
      "resolved": "https://registry.npmjs.org/@lit-labs/ssr-dom-shim/-/ssr-dom-shim-1.6.0.tgz",
      "integrity": "sha512-VHb0ALPMTlgKjM6yIxxoQNnpKyUKLD04VzeQdsiXkMqkvYlAHxq9glGLmgbb889/1GsohSOAjvQYoiBppXFqrQ==",
      "dev": true,
      "license": "BSD-3-Clause"
    },
    "node_modules/@lit/reactive-element": {
      "version": "2.1.2",
      "resolved": "https://registry.npmjs.org/@lit/reactive-element/-/reactive-element-2.1.2.tgz",
      "integrity": "sha512-pbCDiVMnne1lYUIaYNN5wrwQXDtHaYtg7YEFPeW+hws6U47WeFvISGUWekPGKWOP1ygrs0ef0o1VJMk1exos5A==",
      "dev": true,
      "license": "BSD-3-Clause",
      "dependencies": {
        "@lit-labs/ssr-dom-shim": "^1.5.0"
      }
    },
    "node_modules/@monogrid/gainmap-js": {
      "version": "3.4.0",
      "resolved": "https://registry.npmjs.org/@monogrid/gainmap-js/-/gainmap-js-3.4.0.tgz",
      "integrity": "sha512-2Z0FATFHaoYJ8b+Y4y4Hgfn3FRFwuU5zRrk+9dFWp4uGAdHGqVEdP7HP+gLA3X469KXHmfupJaUbKo1b/aDKIg==",
      "dev": true,
      "license": "MIT",
      "dependencies": {
        "promise-worker-transferable": "^1.0.4"
      },
      "peerDependencies": {
        "three": ">= 0.159.0"
      }
    },
    "node_modules/@types/trusted-types": {
      "version": "2.0.7",
      "resolved": "https://registry.npmjs.org/@types/trusted-types/-/trusted-types-2.0.7.tgz",
      "integrity": "sha512-ScaPdn1dQczgbl0QFTeTOmVHFULt394XJgOQNoyVhZ6r2vLnMLJfBPd53SB52T/3G36VI1/g2MZaX0cwDuXsfw==",
      "dev": true,
      "license": "MIT"
    },
    "node_modules/fsevents": {
      "version": "2.3.2",
      "resolved": "https://registry.npmjs.org/fsevents/-/fsevents-2.3.2.tgz",
      "integrity": "sha512-xiqMQR4xAeHTuB9uWm+fFRcIOgKBMiOBP+eXiyT7jsgVCq1bkVygt00oASowB7EdtpOHaaPgKt812P9ab+DDKA==",
      "dev": true,
      "hasInstallScript": true,
      "license": "MIT",
      "optional": true,
      "os": [
        "darwin"
      ],
      "engines": {
        "node": "^8.16.0 || ^10.6.0 || >=11.0.0"
      }
    },
    "node_modules/immediate": {
      "version": "3.0.6",
      "resolved": "https://registry.npmjs.org/immediate/-/immediate-3.0.6.tgz",
      "integrity": "sha512-XXOFtyqDjNDAQxVfYxuF7g9Il/IbWmmlQg2MYKOH8ExIT1qg6xc4zyS3HaEEATgs1btfzxq15ciUiY7gjSXRGQ==",
      "dev": true,
      "license": "MIT"
    },
    "node_modules/is-promise": {
      "version": "2.2.2",
      "resolved": "https://registry.npmjs.org/is-promise/-/is-promise-2.2.2.tgz",
      "integrity": "sha512-+lP4/6lKUBfQjZ2pdxThZvLUAafmZb8OAxFb8XXtiQmS35INgr85hdOGoEs124ez1FCnZJt6jau/T+alh58QFQ==",
      "dev": true,
      "license": "MIT"
    },
    "node_modules/lie": {
      "version": "3.3.0",
      "resolved": "https://registry.npmjs.org/lie/-/lie-3.3.0.tgz",
      "integrity": "sha512-UaiMJzeWRlEujzAuw5LokY1L5ecNQYZKfmyZ9L7wDHb/p5etKaxXhohBcrw0EYby+G/NA52vRSN4N39dxHAIwQ==",
      "dev": true,
      "license": "MIT",
      "dependencies": {
        "immediate": "~3.0.5"
      }
    },
    "node_modules/lit": {
      "version": "3.3.3",
      "resolved": "https://registry.npmjs.org/lit/-/lit-3.3.3.tgz",
      "integrity": "sha512-fycuvZg/hkpozL00lm1pEJH5nN/lr9ZXd6mJI2HSN4+Bzc+LDNdEApJ6HFbPkdFNHLvOplIIuJvxkS4XUxqirw==",
      "dev": true,
      "license": "BSD-3-Clause",
      "dependencies": {
        "@lit/reactive-element": "^2.1.0",
        "lit-element": "^4.2.0",
        "lit-html": "^3.3.0"
      }
    },
    "node_modules/lit-element": {
      "version": "4.2.2",
      "resolved": "https://registry.npmjs.org/lit-element/-/lit-element-4.2.2.tgz",
      "integrity": "sha512-aFKhNToWxoyhkNDmWZwEva2SlQia+jfG0fjIWV//YeTaWrVnOxD89dPKfigCUspXFmjzOEUQpOkejH5Ly6sG0w==",
      "dev": true,
      "license": "BSD-3-Clause",
      "dependencies": {
        "@lit-labs/ssr-dom-shim": "^1.5.0",
        "@lit/reactive-element": "^2.1.0",
        "lit-html": "^3.3.0"
      }
    },
    "node_modules/lit-html": {
      "version": "3.3.3",
      "resolved": "https://registry.npmjs.org/lit-html/-/lit-html-3.3.3.tgz",
      "integrity": "sha512-el8M6jK2o3RXBnrSHX3ZKrsN8zEV63pSExTO1wYJz7QndGYZ8353e2a5PPX+qHe2aGayfnchQmkAojaWAREOIA==",
      "dev": true,
      "license": "BSD-3-Clause",
      "dependencies": {
        "@types/trusted-types": "^2.0.2"
      }
    },
    "node_modules/playwright": {
      "version": "1.61.0",
      "resolved": "https://registry.npmjs.org/playwright/-/playwright-1.61.0.tgz",
      "integrity": "sha512-Z+7BeeqQPRRzklHsVFP4KTGIyMxKUmfeRA4WisM6G3/XW6nwGeX6fX9qYaDa+CiUqpOkb2f6X3nar05R3kSuJQ==",
      "dev": true,
      "license": "Apache-2.0",
      "dependencies": {
        "playwright-core": "1.61.0"
      },
      "bin": {
        "playwright": "cli.js"
      },
      "engines": {
        "node": ">=18"
      },
      "optionalDependencies": {
        "fsevents": "2.3.2"
      }
    },
    "node_modules/playwright-core": {
      "version": "1.61.0",
      "resolved": "https://registry.npmjs.org/playwright-core/-/playwright-core-1.61.0.tgz",
      "integrity": "sha512-caX7TrY3Ml6egyDX0WUcTHDxodl/b51y5wJOdCEA36QviK/s2g081hvmGs8eaE3DWb6NYZQ6BjO/QkNRPenoPA==",
      "dev": true,
      "license": "Apache-2.0",
      "bin": {
        "playwright-core": "cli.js"
      },
      "engines": {
        "node": ">=18"
      }
    },
    "node_modules/promise-worker-transferable": {
      "version": "1.0.4",
      "resolved": "https://registry.npmjs.org/promise-worker-transferable/-/promise-worker-transferable-1.0.4.tgz",
      "integrity": "sha512-bN+0ehEnrXfxV2ZQvU2PetO0n4gqBD4ulq3MI1WOPLgr7/Mg9yRQkX5+0v1vagr74ZTsl7XtzlaYDo2EuCeYJw==",
      "dev": true,
      "license": "Apache-2.0",
      "dependencies": {
        "is-promise": "^2.1.0",
        "lie": "^3.0.2"
      }
    },
    "node_modules/three": {
      "version": "0.183.2",
      "resolved": "https://registry.npmjs.org/three/-/three-0.183.2.tgz",
      "integrity": "sha512-di3BsL2FEQ1PA7Hcvn4fyJOlxRRgFYBpMTcyOgkwJIaDOdJMebEFPA+t98EvjuljDx4hNulAGwF6KIjtwI5jgQ==",
      "dev": true,
      "license": "MIT",
      "peer": true
    }
  }
}
